// !$*UTF8*$!
{
	archiveVersion = 1;
	classes = {
	};
	objectVersion = 48;
	objects = {

/* Begin PBXBuildFile section */
		006182BD206045C90079DD8C /* TSKit_Core.framework in Frameworks */ = {isa = PBXBuildFile; fileRef = 006182BC206045C90079DD8C /* TSKit_Core.framework */; };
		00BD256622CF8E58007589F2 /* AnyLogger+Default.swift in Sources */ = {isa = PBXBuildFile; fileRef = 00BD256522CF8E58007589F2 /* AnyLogger+Default.swift */; };
		00BD256722CF90E0007589F2 /* TSKit_Core.framework in Frameworks */ = {isa = PBXBuildFile; fileRef = 006182BC206045C90079DD8C /* TSKit_Core.framework */; };
		00BD256922CF90EB007589F2 /* TSKit_Core.framework in CopyFiles */ = {isa = PBXBuildFile; fileRef = 006182BC206045C90079DD8C /* TSKit_Core.framework */; settings = {ATTRIBUTES = (CodeSignOnCopy, RemoveHeadersOnCopy, ); }; };
		00C2C4551FE5C43C00721731 /* TSKit_Log.framework in Frameworks */ = {isa = PBXBuildFile; fileRef = 00C2C44B1FE5C43C00721731 /* TSKit_Log.framework */; };
		00C2C45A1FE5C43C00721731 /* TSKit_LogTests.swift in Sources */ = {isa = PBXBuildFile; fileRef = 00C2C4591FE5C43C00721731 /* TSKit_LogTests.swift */; };
		00C2C45C1FE5C43C00721731 /* TSKit_Log.h in Headers */ = {isa = PBXBuildFile; fileRef = 00C2C44E1FE5C43C00721731 /* TSKit_Log.h */; settings = {ATTRIBUTES = (Public, ); }; };
		00C2C4EC1FE5C52E00721731 /* AnyLogger.swift in Sources */ = {isa = PBXBuildFile; fileRef = 00C2C4E71FE5C52E00721731 /* AnyLogger.swift */; };
		2D9E62A2C53584D000748DA9 /* AnyLogEntryDecorator.swift in Sources */ = {isa = PBXBuildFile; fileRef = 2D9E6B933E74ECDB2DD58F62 /* AnyLogEntryDecorator.swift */; };
		2D9E62B6A1261406D41BC91E /* LogEntry.swift in Sources */ = {isa = PBXBuildFile; fileRef = 2D9E6B935CF732C64176BC22 /* LogEntry.swift */; };
		2D9E63952DBBBDE91E7A4CF6 /* AnyLogger+Tagless.swift in Sources */ = {isa = PBXBuildFile; fileRef = 2D9E65DAD2B1D4CA35D4E13C /* AnyLogger+Tagless.swift */; };
		2D9E63A6166B3A5BD0718DB1 /* AnyLogEntryWriter.swift in Sources */ = {isa = PBXBuildFile; fileRef = 2D9E6906778252919803F9F8 /* AnyLogEntryWriter.swift */; };
		2D9E65BB6AAFB80348D58584 /* PrintLogEntryWriter.swift in Sources */ = {isa = PBXBuildFile; fileRef = 2D9E67E249207D04BB367C7C /* PrintLogEntryWriter.swift */; };
		2D9E67300C93F2B12163227B /* Logger.swift in Sources */ = {isa = PBXBuildFile; fileRef = 2D9E6868176C07E0E92BC7A4 /* Logger.swift */; };
		2D9E698B56A435E7F3891226 /* LogLevelLogInterceptor.swift in Sources */ = {isa = PBXBuildFile; fileRef = 2D9E60C8D6CA3A065805114F /* LogLevelLogInterceptor.swift */; };
		2D9E69B298DD30C7C14F5D6D /* AnyLogger+Currying.swift in Sources */ = {isa = PBXBuildFile; fileRef = 2D9E61B4FDD965F7FCA4A251 /* AnyLogger+Currying.swift */; };
		2D9E6B4C7BF1C7E5FFF1FF1F /* TagLogInterceptor.swift in Sources */ = {isa = PBXBuildFile; fileRef = 2D9E60ABCF4335E3CB675514 /* TagLogInterceptor.swift */; };
		2D9E6B54B1924CD5F961792A /* AnyLogIntercepter.swift in Sources */ = {isa = PBXBuildFile; fileRef = 2D9E60609C4115138F350E42 /* AnyLogIntercepter.swift */; };
		2D9E6B7BC873A8DA3AE786F4 /* DefaultLogEntryDecorator.swift in Sources */ = {isa = PBXBuildFile; fileRef = 2D9E631BB8944874FB27CF2B /* DefaultLogEntryDecorator.swift */; };
		2D9E6D02597718EA91BBB8A4 /* FileLogEntryWriter.swift in Sources */ = {isa = PBXBuildFile; fileRef = 2D9E61BED452FF1B1127B474 /* FileLogEntryWriter.swift */; };
		2D9E6DCADFF68622E62ED846 /* LogLevel.swift in Sources */ = {isa = PBXBuildFile; fileRef = 2D9E633BCD58AE7AE4DDDC07 /* LogLevel.swift */; };
/* End PBXBuildFile section */

/* Begin PBXContainerItemProxy section */
		00C2C4561FE5C43C00721731 /* PBXContainerItemProxy */ = {
			isa = PBXContainerItemProxy;
			containerPortal = 00C2C4421FE5C43C00721731 /* Project object */;
			proxyType = 1;
			remoteGlobalIDString = 00C2C44A1FE5C43C00721731;
			remoteInfo = TSKit.Log;
		};
/* End PBXContainerItemProxy section */

/* Begin PBXCopyFilesBuildPhase section */
		00BD256822CF90E4007589F2 /* CopyFiles */ = {
			isa = PBXCopyFilesBuildPhase;
			buildActionMask = 2147483647;
			dstPath = "";
			dstSubfolderSpec = 10;
			files = (
				00BD256922CF90EB007589F2 /* TSKit_Core.framework in CopyFiles */,
			);
			runOnlyForDeploymentPostprocessing = 0;
		};
/* End PBXCopyFilesBuildPhase section */

/* Begin PBXFileReference section */
		006182BC206045C90079DD8C /* TSKit_Core.framework */ = {isa = PBXFileReference; lastKnownFileType = wrapper.framework; name = TSKit_Core.framework; path = Carthage/Build/iOS/TSKit_Core.framework; sourceTree = "<group>"; };
		006182BF206045DE0079DD8C /* Cartfile */ = {isa = PBXFileReference; fileEncoding = 4; lastKnownFileType = text; path = Cartfile; sourceTree = SOURCE_ROOT; };
		00BD256522CF8E58007589F2 /* AnyLogger+Default.swift */ = {isa = PBXFileReference; lastKnownFileType = sourcecode.swift; path = "AnyLogger+Default.swift"; sourceTree = "<group>"; };
		00C2C44B1FE5C43C00721731 /* TSKit_Log.framework */ = {isa = PBXFileReference; explicitFileType = wrapper.framework; includeInIndex = 0; path = TSKit_Log.framework; sourceTree = BUILT_PRODUCTS_DIR; };
		00C2C44E1FE5C43C00721731 /* TSKit_Log.h */ = {isa = PBXFileReference; lastKnownFileType = sourcecode.c.h; path = TSKit_Log.h; sourceTree = "<group>"; };
		00C2C44F1FE5C43C00721731 /* Info.plist */ = {isa = PBXFileReference; lastKnownFileType = text.plist.xml; path = Info.plist; sourceTree = "<group>"; };
		00C2C4541FE5C43C00721731 /* TSKit.LogTests.xctest */ = {isa = PBXFileReference; explicitFileType = wrapper.cfbundle; includeInIndex = 0; path = TSKit.LogTests.xctest; sourceTree = BUILT_PRODUCTS_DIR; };
		00C2C4591FE5C43C00721731 /* TSKit_LogTests.swift */ = {isa = PBXFileReference; lastKnownFileType = sourcecode.swift; path = TSKit_LogTests.swift; sourceTree = "<group>"; };
		00C2C45B1FE5C43C00721731 /* Info.plist */ = {isa = PBXFileReference; lastKnownFileType = text.plist.xml; path = Info.plist; sourceTree = "<group>"; };
		00C2C4E71FE5C52E00721731 /* AnyLogger.swift */ = {isa = PBXFileReference; fileEncoding = 4; lastKnownFileType = sourcecode.swift; path = AnyLogger.swift; sourceTree = "<group>"; };
		2D9E60609C4115138F350E42 /* AnyLogIntercepter.swift */ = {isa = PBXFileReference; fileEncoding = 4; lastKnownFileType = sourcecode.swift; path = AnyLogIntercepter.swift; sourceTree = "<group>"; };
		2D9E60ABCF4335E3CB675514 /* TagLogInterceptor.swift */ = {isa = PBXFileReference; fileEncoding = 4; lastKnownFileType = sourcecode.swift; path = TagLogInterceptor.swift; sourceTree = "<group>"; };
		2D9E60C8D6CA3A065805114F /* LogLevelLogInterceptor.swift */ = {isa = PBXFileReference; fileEncoding = 4; lastKnownFileType = sourcecode.swift; path = LogLevelLogInterceptor.swift; sourceTree = "<group>"; };
		2D9E61B4FDD965F7FCA4A251 /* AnyLogger+Currying.swift */ = {isa = PBXFileReference; fileEncoding = 4; lastKnownFileType = sourcecode.swift; path = "AnyLogger+Currying.swift"; sourceTree = "<group>"; };
		2D9E61BED452FF1B1127B474 /* FileLogEntryWriter.swift */ = {isa = PBXFileReference; fileEncoding = 4; lastKnownFileType = sourcecode.swift; path = FileLogEntryWriter.swift; sourceTree = "<group>"; };
		2D9E631BB8944874FB27CF2B /* DefaultLogEntryDecorator.swift */ = {isa = PBXFileReference; fileEncoding = 4; lastKnownFileType = sourcecode.swift; path = DefaultLogEntryDecorator.swift; sourceTree = "<group>"; };
		2D9E633BCD58AE7AE4DDDC07 /* LogLevel.swift */ = {isa = PBXFileReference; fileEncoding = 4; lastKnownFileType = sourcecode.swift; path = LogLevel.swift; sourceTree = "<group>"; };
		2D9E65DAD2B1D4CA35D4E13C /* AnyLogger+Tagless.swift */ = {isa = PBXFileReference; fileEncoding = 4; lastKnownFileType = sourcecode.swift; path = "AnyLogger+Tagless.swift"; sourceTree = "<group>"; };
		2D9E67E249207D04BB367C7C /* PrintLogEntryWriter.swift */ = {isa = PBXFileReference; fileEncoding = 4; lastKnownFileType = sourcecode.swift; path = PrintLogEntryWriter.swift; sourceTree = "<group>"; };
		2D9E6868176C07E0E92BC7A4 /* Logger.swift */ = {isa = PBXFileReference; fileEncoding = 4; lastKnownFileType = sourcecode.swift; path = Logger.swift; sourceTree = "<group>"; };
		2D9E6906778252919803F9F8 /* AnyLogEntryWriter.swift */ = {isa = PBXFileReference; fileEncoding = 4; lastKnownFileType = sourcecode.swift; path = AnyLogEntryWriter.swift; sourceTree = "<group>"; };
		2D9E6B933E74ECDB2DD58F62 /* AnyLogEntryDecorator.swift */ = {isa = PBXFileReference; fileEncoding = 4; lastKnownFileType = sourcecode.swift; path = AnyLogEntryDecorator.swift; sourceTree = "<group>"; };
		2D9E6B935CF732C64176BC22 /* LogEntry.swift */ = {isa = PBXFileReference; fileEncoding = 4; lastKnownFileType = sourcecode.swift; path = LogEntry.swift; sourceTree = "<group>"; };
/* End PBXFileReference section */

/* Begin PBXFrameworksBuildPhase section */
		00C2C4471FE5C43C00721731 /* Frameworks */ = {
			isa = PBXFrameworksBuildPhase;
			buildActionMask = 2147483647;
			files = (
				006182BD206045C90079DD8C /* TSKit_Core.framework in Frameworks */,
			);
			runOnlyForDeploymentPostprocessing = 0;
		};
		00C2C4511FE5C43C00721731 /* Frameworks */ = {
			isa = PBXFrameworksBuildPhase;
			buildActionMask = 2147483647;
			files = (
				00C2C4551FE5C43C00721731 /* TSKit_Log.framework in Frameworks */,
				00BD256722CF90E0007589F2 /* TSKit_Core.framework in Frameworks */,
			);
			runOnlyForDeploymentPostprocessing = 0;
		};
/* End PBXFrameworksBuildPhase section */

/* Begin PBXGroup section */
		00C2C4411FE5C43C00721731 = {
			isa = PBXGroup;
			children = (
				00C2C44D1FE5C43C00721731 /* TSKit.Log */,
				00C2C4581FE5C43C00721731 /* TSKit.LogTests */,
				00C2C44C1FE5C43C00721731 /* Products */,
				00CCB2861FE6BD9200F1E75C /* Frameworks */,
			);
			sourceTree = "<group>";
		};
		00C2C44C1FE5C43C00721731 /* Products */ = {
			isa = PBXGroup;
			children = (
				00C2C44B1FE5C43C00721731 /* TSKit_Log.framework */,
				00C2C4541FE5C43C00721731 /* TSKit.LogTests.xctest */,
			);
			name = Products;
			sourceTree = "<group>";
		};
		00C2C44D1FE5C43C00721731 /* TSKit.Log */ = {
			isa = PBXGroup;
			children = (
				00C2C4F11FE5C53700721731 /* Sources */,
				006182BF206045DE0079DD8C /* Cartfile */,
				00C2C44E1FE5C43C00721731 /* TSKit_Log.h */,
				00C2C44F1FE5C43C00721731 /* Info.plist */,
			);
			path = TSKit.Log;
			sourceTree = "<group>";
		};
		00C2C4581FE5C43C00721731 /* TSKit.LogTests */ = {
			isa = PBXGroup;
			children = (
				00C2C4591FE5C43C00721731 /* TSKit_LogTests.swift */,
				00C2C45B1FE5C43C00721731 /* Info.plist */,
			);
			path = TSKit.LogTests;
			sourceTree = "<group>";
		};
		00C2C4F11FE5C53700721731 /* Sources */ = {
			isa = PBXGroup;
			children = (
				00C2C4E71FE5C52E00721731 /* AnyLogger.swift */,
				2D9E633BCD58AE7AE4DDDC07 /* LogLevel.swift */,
				2D9E6B933E74ECDB2DD58F62 /* AnyLogEntryDecorator.swift */,
				2D9E6B935CF732C64176BC22 /* LogEntry.swift */,
				2D9E631BB8944874FB27CF2B /* DefaultLogEntryDecorator.swift */,
				2D9E60609C4115138F350E42 /* AnyLogIntercepter.swift */,
				2D9E618F82637F75D7E53394 /* Implementation */,
				2D9E6906778252919803F9F8 /* AnyLogEntryWriter.swift */,
				2D9E61B4FDD965F7FCA4A251 /* AnyLogger+Currying.swift */,
				2D9E65DAD2B1D4CA35D4E13C /* AnyLogger+Tagless.swift */,
				00BD256522CF8E58007589F2 /* AnyLogger+Default.swift */,
			);
			path = Sources;
			sourceTree = "<group>";
		};
		00CCB2861FE6BD9200F1E75C /* Frameworks */ = {
			isa = PBXGroup;
			children = (
				006182BC206045C90079DD8C /* TSKit_Core.framework */,
			);
			name = Frameworks;
			sourceTree = "<group>";
		};
		2D9E618F82637F75D7E53394 /* Implementation */ = {
			isa = PBXGroup;
			children = (
				2D9E61BED452FF1B1127B474 /* FileLogEntryWriter.swift */,
				2D9E6868176C07E0E92BC7A4 /* Logger.swift */,
				2D9E60C8D6CA3A065805114F /* LogLevelLogInterceptor.swift */,
				2D9E60ABCF4335E3CB675514 /* TagLogInterceptor.swift */,
				2D9E67E249207D04BB367C7C /* PrintLogEntryWriter.swift */,
			);
			path = Implementation;
			sourceTree = "<group>";
		};
/* End PBXGroup section */

/* Begin PBXHeadersBuildPhase section */
		00C2C4481FE5C43C00721731 /* Headers */ = {
			isa = PBXHeadersBuildPhase;
			buildActionMask = 2147483647;
			files = (
				00C2C45C1FE5C43C00721731 /* TSKit_Log.h in Headers */,
			);
			runOnlyForDeploymentPostprocessing = 0;
		};
/* End PBXHeadersBuildPhase section */

/* Begin PBXNativeTarget section */
		00C2C44A1FE5C43C00721731 /* TSKit.Log */ = {
			isa = PBXNativeTarget;
			buildConfigurationList = 00C2C45F1FE5C43C00721731 /* Build configuration list for PBXNativeTarget "TSKit.Log" */;
			buildPhases = (
				00C2C4461FE5C43C00721731 /* Sources */,
				00C2C4471FE5C43C00721731 /* Frameworks */,
				00C2C4481FE5C43C00721731 /* Headers */,
				00C2C4491FE5C43C00721731 /* Resources */,
			);
			buildRules = (
			);
			dependencies = (
			);
			name = TSKit.Log;
			productName = TSKit.Log;
			productReference = 00C2C44B1FE5C43C00721731 /* TSKit_Log.framework */;
			productType = "com.apple.product-type.framework";
		};
		00C2C4531FE5C43C00721731 /* TSKit.LogTests */ = {
			isa = PBXNativeTarget;
			buildConfigurationList = 00C2C4621FE5C43C00721731 /* Build configuration list for PBXNativeTarget "TSKit.LogTests" */;
			buildPhases = (
				00C2C4501FE5C43C00721731 /* Sources */,
				00C2C4511FE5C43C00721731 /* Frameworks */,
				00C2C4521FE5C43C00721731 /* Resources */,
				00BD256822CF90E4007589F2 /* CopyFiles */,
			);
			buildRules = (
			);
			dependencies = (
				00C2C4571FE5C43C00721731 /* PBXTargetDependency */,
			);
			name = TSKit.LogTests;
			productName = TSKit.LogTests;
			productReference = 00C2C4541FE5C43C00721731 /* TSKit.LogTests.xctest */;
			productType = "com.apple.product-type.bundle.unit-test";
		};
/* End PBXNativeTarget section */

/* Begin PBXProject section */
		00C2C4421FE5C43C00721731 /* Project object */ = {
			isa = PBXProject;
			attributes = {
				LastSwiftUpdateCheck = 0920;
				LastUpgradeCheck = 0920;
				ORGANIZATIONNAME = "Arkadiy Glushchevsky";
				TargetAttributes = {
					00C2C44A1FE5C43C00721731 = {
						CreatedOnToolsVersion = 9.2;
						LastSwiftMigration = 1020;
						ProvisioningStyle = Automatic;
					};
					00C2C4531FE5C43C00721731 = {
						CreatedOnToolsVersion = 9.2;
						ProvisioningStyle = Automatic;
					};
				};
			};
			buildConfigurationList = 00C2C4451FE5C43C00721731 /* Build configuration list for PBXProject "TSKit.Log" */;
			compatibilityVersion = "Xcode 8.0";
			developmentRegion = en;
			hasScannedForEncodings = 0;
			knownRegions = (
				en,
			);
			mainGroup = 00C2C4411FE5C43C00721731;
			productRefGroup = 00C2C44C1FE5C43C00721731 /* Products */;
			projectDirPath = "";
			projectRoot = "";
			targets = (
				00C2C44A1FE5C43C00721731 /* TSKit.Log */,
				00C2C4531FE5C43C00721731 /* TSKit.LogTests */,
			);
		};
/* End PBXProject section */

/* Begin PBXResourcesBuildPhase section */
		00C2C4491FE5C43C00721731 /* Resources */ = {
			isa = PBXResourcesBuildPhase;
			buildActionMask = 2147483647;
			files = (
			);
			runOnlyForDeploymentPostprocessing = 0;
		};
		00C2C4521FE5C43C00721731 /* Resources */ = {
			isa = PBXResourcesBuildPhase;
			buildActionMask = 2147483647;
			files = (
			);
			runOnlyForDeploymentPostprocessing = 0;
		};
/* End PBXResourcesBuildPhase section */

/* Begin PBXSourcesBuildPhase section */
		00C2C4461FE5C43C00721731 /* Sources */ = {
			isa = PBXSourcesBuildPhase;
			buildActionMask = 2147483647;
			files = (
				00C2C4EC1FE5C52E00721731 /* AnyLogger.swift in Sources */,
				2D9E6DCADFF68622E62ED846 /* LogLevel.swift in Sources */,
				2D9E62A2C53584D000748DA9 /* AnyLogEntryDecorator.swift in Sources */,
				00BD256622CF8E58007589F2 /* AnyLogger+Default.swift in Sources */,
				2D9E62B6A1261406D41BC91E /* LogEntry.swift in Sources */,
				2D9E6B7BC873A8DA3AE786F4 /* DefaultLogEntryDecorator.swift in Sources */,
				2D9E6B54B1924CD5F961792A /* AnyLogIntercepter.swift in Sources */,
				2D9E63A6166B3A5BD0718DB1 /* AnyLogEntryWriter.swift in Sources */,
				2D9E6D02597718EA91BBB8A4 /* FileLogEntryWriter.swift in Sources */,
				2D9E67300C93F2B12163227B /* Logger.swift in Sources */,
				2D9E698B56A435E7F3891226 /* LogLevelLogInterceptor.swift in Sources */,
				2D9E6B4C7BF1C7E5FFF1FF1F /* TagLogInterceptor.swift in Sources */,
				2D9E65BB6AAFB80348D58584 /* PrintLogEntryWriter.swift in Sources */,
				2D9E69B298DD30C7C14F5D6D /* AnyLogger+Currying.swift in Sources */,
				2D9E63952DBBBDE91E7A4CF6 /* AnyLogger+Tagless.swift in Sources */,
			);
			runOnlyForDeploymentPostprocessing = 0;
		};
		00C2C4501FE5C43C00721731 /* Sources */ = {
			isa = PBXSourcesBuildPhase;
			buildActionMask = 2147483647;
			files = (
				00C2C45A1FE5C43C00721731 /* TSKit_LogTests.swift in Sources */,
			);
			runOnlyForDeploymentPostprocessing = 0;
		};
/* End PBXSourcesBuildPhase section */

/* Begin PBXTargetDependency section */
		00C2C4571FE5C43C00721731 /* PBXTargetDependency */ = {
			isa = PBXTargetDependency;
			target = 00C2C44A1FE5C43C00721731 /* TSKit.Log */;
			targetProxy = 00C2C4561FE5C43C00721731 /* PBXContainerItemProxy */;
		};
/* End PBXTargetDependency section */

/* Begin XCBuildConfiguration section */
		00C2C45D1FE5C43C00721731 /* Debug */ = {
			isa = XCBuildConfiguration;
			buildSettings = {
				ALWAYS_SEARCH_USER_PATHS = NO;
				CLANG_ANALYZER_NONNULL = YES;
				CLANG_ANALYZER_NUMBER_OBJECT_CONVERSION = YES_AGGRESSIVE;
				CLANG_CXX_LANGUAGE_STANDARD = "gnu++14";
				CLANG_CXX_LIBRARY = "libc++";
				CLANG_ENABLE_MODULES = YES;
				CLANG_ENABLE_OBJC_ARC = YES;
				CLANG_WARN_BLOCK_CAPTURE_AUTORELEASING = YES;
				CLANG_WARN_BOOL_CONVERSION = YES;
				CLANG_WARN_COMMA = YES;
				CLANG_WARN_CONSTANT_CONVERSION = YES;
				CLANG_WARN_DIRECT_OBJC_ISA_USAGE = YES_ERROR;
				CLANG_WARN_DOCUMENTATION_COMMENTS = YES;
				CLANG_WARN_EMPTY_BODY = YES;
				CLANG_WARN_ENUM_CONVERSION = YES;
				CLANG_WARN_INFINITE_RECURSION = YES;
				CLANG_WARN_INT_CONVERSION = YES;
				CLANG_WARN_NON_LITERAL_NULL_CONVERSION = YES;
				CLANG_WARN_OBJC_LITERAL_CONVERSION = YES;
				CLANG_WARN_OBJC_ROOT_CLASS = YES_ERROR;
				CLANG_WARN_RANGE_LOOP_ANALYSIS = YES;
				CLANG_WARN_STRICT_PROTOTYPES = YES;
				CLANG_WARN_SUSPICIOUS_MOVE = YES;
				CLANG_WARN_UNGUARDED_AVAILABILITY = YES_AGGRESSIVE;
				CLANG_WARN_UNREACHABLE_CODE = YES;
				CLANG_WARN__DUPLICATE_METHOD_MATCH = YES;
				CODE_SIGN_IDENTITY = "iPhone Developer";
				COPY_PHASE_STRIP = NO;
				CURRENT_PROJECT_VERSION = 1;
				DEBUG_INFORMATION_FORMAT = dwarf;
				ENABLE_STRICT_OBJC_MSGSEND = YES;
				ENABLE_TESTABILITY = YES;
				GCC_C_LANGUAGE_STANDARD = gnu11;
				GCC_DYNAMIC_NO_PIC = NO;
				GCC_NO_COMMON_BLOCKS = YES;
				GCC_OPTIMIZATION_LEVEL = 0;
				GCC_PREPROCESSOR_DEFINITIONS = (
					"DEBUG=1",
					"$(inherited)",
				);
				GCC_WARN_64_TO_32_BIT_CONVERSION = YES;
				GCC_WARN_ABOUT_RETURN_TYPE = YES_ERROR;
				GCC_WARN_UNDECLARED_SELECTOR = YES;
				GCC_WARN_UNINITIALIZED_AUTOS = YES_AGGRESSIVE;
				GCC_WARN_UNUSED_FUNCTION = YES;
				GCC_WARN_UNUSED_VARIABLE = YES;
				IPHONEOS_DEPLOYMENT_TARGET = 11.2;
				MTL_ENABLE_DEBUG_INFO = YES;
				ONLY_ACTIVE_ARCH = YES;
				SDKROOT = iphoneos;
				SWIFT_ACTIVE_COMPILATION_CONDITIONS = DEBUG;
				SWIFT_OPTIMIZATION_LEVEL = "-Onone";
				VERSIONING_SYSTEM = "apple-generic";
				VERSION_INFO_PREFIX = "";
			};
			name = Debug;
		};
		00C2C45E1FE5C43C00721731 /* Release */ = {
			isa = XCBuildConfiguration;
			buildSettings = {
				ALWAYS_SEARCH_USER_PATHS = NO;
				CLANG_ANALYZER_NONNULL = YES;
				CLANG_ANALYZER_NUMBER_OBJECT_CONVERSION = YES_AGGRESSIVE;
				CLANG_CXX_LANGUAGE_STANDARD = "gnu++14";
				CLANG_CXX_LIBRARY = "libc++";
				CLANG_ENABLE_MODULES = YES;
				CLANG_ENABLE_OBJC_ARC = YES;
				CLANG_WARN_BLOCK_CAPTURE_AUTORELEASING = YES;
				CLANG_WARN_BOOL_CONVERSION = YES;
				CLANG_WARN_COMMA = YES;
				CLANG_WARN_CONSTANT_CONVERSION = YES;
				CLANG_WARN_DIRECT_OBJC_ISA_USAGE = YES_ERROR;
				CLANG_WARN_DOCUMENTATION_COMMENTS = YES;
				CLANG_WARN_EMPTY_BODY = YES;
				CLANG_WARN_ENUM_CONVERSION = YES;
				CLANG_WARN_INFINITE_RECURSION = YES;
				CLANG_WARN_INT_CONVERSION = YES;
				CLANG_WARN_NON_LITERAL_NULL_CONVERSION = YES;
				CLANG_WARN_OBJC_LITERAL_CONVERSION = YES;
				CLANG_WARN_OBJC_ROOT_CLASS = YES_ERROR;
				CLANG_WARN_RANGE_LOOP_ANALYSIS = YES;
				CLANG_WARN_STRICT_PROTOTYPES = YES;
				CLANG_WARN_SUSPICIOUS_MOVE = YES;
				CLANG_WARN_UNGUARDED_AVAILABILITY = YES_AGGRESSIVE;
				CLANG_WARN_UNREACHABLE_CODE = YES;
				CLANG_WARN__DUPLICATE_METHOD_MATCH = YES;
				CODE_SIGN_IDENTITY = "iPhone Developer";
				COPY_PHASE_STRIP = NO;
				CURRENT_PROJECT_VERSION = 1;
				DEBUG_INFORMATION_FORMAT = "dwarf-with-dsym";
				ENABLE_NS_ASSERTIONS = NO;
				ENABLE_STRICT_OBJC_MSGSEND = YES;
				GCC_C_LANGUAGE_STANDARD = gnu11;
				GCC_NO_COMMON_BLOCKS = YES;
				GCC_WARN_64_TO_32_BIT_CONVERSION = YES;
				GCC_WARN_ABOUT_RETURN_TYPE = YES_ERROR;
				GCC_WARN_UNDECLARED_SELECTOR = YES;
				GCC_WARN_UNINITIALIZED_AUTOS = YES_AGGRESSIVE;
				GCC_WARN_UNUSED_FUNCTION = YES;
				GCC_WARN_UNUSED_VARIABLE = YES;
				IPHONEOS_DEPLOYMENT_TARGET = 11.2;
				MTL_ENABLE_DEBUG_INFO = NO;
				SDKROOT = iphoneos;
				SWIFT_OPTIMIZATION_LEVEL = "-Owholemodule";
				VALIDATE_PRODUCT = YES;
				VERSIONING_SYSTEM = "apple-generic";
				VERSION_INFO_PREFIX = "";
			};
			name = Release;
		};
		00C2C4601FE5C43C00721731 /* Debug */ = {
			isa = XCBuildConfiguration;
			buildSettings = {
				CLANG_ENABLE_MODULES = YES;
				CODE_SIGN_IDENTITY = "";
				CODE_SIGN_STYLE = Automatic;
				DEFINES_MODULE = YES;
				DEVELOPMENT_TEAM = P2NBF8K2F9;
				DYLIB_COMPATIBILITY_VERSION = 1;
				DYLIB_CURRENT_VERSION = 1;
				DYLIB_INSTALL_NAME_BASE = "@rpath";
				FRAMEWORK_SEARCH_PATHS = "$(PROJECT_DIR)/Carthage/Build/iOS";
				INFOPLIST_FILE = TSKit.Log/Info.plist;
				INSTALL_PATH = "$(LOCAL_LIBRARY_DIR)/Frameworks";
				IPHONEOS_DEPLOYMENT_TARGET = 8.0;
				LD_RUNPATH_SEARCH_PATHS = "$(inherited) @executable_path/Frameworks @loader_path/Frameworks";
				PRODUCT_BUNDLE_IDENTIFIER = com.glar.tskit.log;
				PRODUCT_NAME = "$(TARGET_NAME:c99extidentifier)";
				SKIP_INSTALL = NO;
				SWIFT_OPTIMIZATION_LEVEL = "-Onone";
				SWIFT_VERSION = 5.0;
				TARGETED_DEVICE_FAMILY = "1,2";
			};
			name = Debug;
		};
		00C2C4611FE5C43C00721731 /* Release */ = {
			isa = XCBuildConfiguration;
			buildSettings = {
				CLANG_ENABLE_MODULES = YES;
				CODE_SIGN_IDENTITY = "";
				CODE_SIGN_STYLE = Automatic;
				DEFINES_MODULE = YES;
				DEVELOPMENT_TEAM = P2NBF8K2F9;
				DYLIB_COMPATIBILITY_VERSION = 1;
				DYLIB_CURRENT_VERSION = 1;
				DYLIB_INSTALL_NAME_BASE = "@rpath";
				FRAMEWORK_SEARCH_PATHS = "$(PROJECT_DIR)/Carthage/Build/iOS";
				INFOPLIST_FILE = TSKit.Log/Info.plist;
				INSTALL_PATH = "$(LOCAL_LIBRARY_DIR)/Frameworks";
				IPHONEOS_DEPLOYMENT_TARGET = 8.0;
				LD_RUNPATH_SEARCH_PATHS = "$(inherited) @executable_path/Frameworks @loader_path/Frameworks";
				PRODUCT_BUNDLE_IDENTIFIER = com.glar.tskit.log;
				PRODUCT_NAME = "$(TARGET_NAME:c99extidentifier)";
				SKIP_INSTALL = NO;
				SWIFT_VERSION = 5.0;
				TARGETED_DEVICE_FAMILY = "1,2";
			};
			name = Release;
		};
		00C2C4631FE5C43C00721731 /* Debug */ = {
			isa = XCBuildConfiguration;
			buildSettings = {
				ALWAYS_EMBED_SWIFT_STANDARD_LIBRARIES = YES;
				CODE_SIGN_STYLE = Automatic;
				DEVELOPMENT_TEAM = P2NBF8K2F9;
				FRAMEWORK_SEARCH_PATHS = (
					"$(inherited)",
					"$(PROJECT_DIR)/Carthage/Build/iOS",
				);
				INFOPLIST_FILE = TSKit.LogTests/Info.plist;
				LD_RUNPATH_SEARCH_PATHS = "$(inherited) @executable_path/Frameworks @loader_path/Frameworks";
				PRODUCT_BUNDLE_IDENTIFIER = "com.glar.TSKit-LogTests";
				PRODUCT_NAME = "$(TARGET_NAME)";
				SWIFT_VERSION = 4.0;
				TARGETED_DEVICE_FAMILY = "1,2";
			};
			name = Debug;
		};
		00C2C4641FE5C43C00721731 /* Release */ = {
			isa = XCBuildConfiguration;
			buildSettings = {
				ALWAYS_EMBED_SWIFT_STANDARD_LIBRARIES = YES;
				CODE_SIGN_STYLE = Automatic;
				DEVELOPMENT_TEAM = P2NBF8K2F9;
				FRAMEWORK_SEARCH_PATHS = (
					"$(inherited)",
					"$(PROJECT_DIR)/Carthage/Build/iOS",
				);
				INFOPLIST_FILE = TSKit.LogTests/Info.plist;
				LD_RUNPATH_SEARCH_PATHS = "$(inherited) @executable_path/Frameworks @loader_path/Frameworks";
				PRODUCT_BUNDLE_IDENTIFIER = "com.glar.TSKit-LogTests";
				PRODUCT_NAME = "$(TARGET_NAME)";
				SWIFT_VERSION = 4.0;
				TARGETED_DEVICE_FAMILY = "1,2";
			};
			name = Release;
		};
/* End XCBuildConfiguration section */

/* Begin XCConfigurationList section */
		00C2C4451FE5C43C00721731 /* Build configuration list for PBXProject "TSKit.Log" */ = {
			isa = XCConfigurationList;
			buildConfigurations = (
				00C2C45D1FE5C43C00721731 /* Debug */,
				00C2C45E1FE5C43C00721731 /* Release */,
			);
			defaultConfigurationIsVisible = 0;
			defaultConfigurationName = Release;
		};
		00C2C45F1FE5C43C00721731 /* Build configuration list for PBXNativeTarget "TSKit.Log" */ = {
			isa = XCConfigurationList;
			buildConfigurations = (
				00C2C4601FE5C43C00721731 /* Debug */,
				00C2C4611FE5C43C00721731 /* Release */,
			);
			defaultConfigurationIsVisible = 0;
			defaultConfigurationName = Release;
		};
		00C2C4621FE5C43C00721731 /* Build configuration list for PBXNativeTarget "TSKit.LogTests" */ = {
			isa = XCConfigurationList;
			buildConfigurations = (
				00C2C4631FE5C43C00721731 /* Debug */,
				00C2C4641FE5C43C00721731 /* Release */,
			);
			defaultConfigurationIsVisible = 0;
			defaultConfigurationName = Release;
		};
/* End XCConfigurationList section */
	};
	rootObject = 00C2C4421FE5C43C00721731 /* Project object */;
}
